
Microsoft Visual Studio Solution File, Format Version 12.00
# Visual Studio Version 16
VisualStudioVersion = 16.0.29215.179
MinimumVisualStudioVersion = 10.0.40219.1
Project("{FAE04EC0-301F-11D3-BF4B-00C04F79EFBC}") = "Lands.Android", "Lands\Lands.Android\Lands.Android.csproj", "{4D9A522C-5CFB-441C-9EA5-4450B0308334}"
EndProject
Project("{FAE04EC0-301F-11D3-BF4B-00C04F79EFBC}") = "Lands.iOS", "Lands\Lands.iOS\Lands.iOS.csproj", "{A4C9073C-4E08-43A9-A5F4-1202239FECBA}"
EndProject
Project("{FAE04EC0-301F-11D3-BF4B-00C04F79EFBC}") = "Lands", "Lands\Lands\Lands.csproj", "{356D851C-9EB1-46A4-8FB3-AA255C5397AB}"
EndProject
Global
	GlobalSection(SolutionConfigurationPlatforms) = preSolution
		Debug|Any CPU = Debug|Any CPU
		Debug|iPhone = Debug|iPhone
		Debug|iPhoneSimulator = Debug|iPhoneSimulator
		Release|Any CPU = Release|Any CPU
		Release|iPhone = Release|iPhone
		Release|iPhoneSimulator = Release|iPhoneSimulator
	EndGlobalSection
	GlobalSection(ProjectConfigurationPlatforms) = postSolution
		{4D9A522C-5CFB-441C-9EA5-4450B0308334}.Debug|Any CPU.ActiveCfg = Debug|Any CPU
		{4D9A522C-5CFB-441C-9EA5-4450B0308334}.Debug|Any CPU.Build.0 = Debug|Any CPU
		{4D9A522C-5CFB-441C-9EA5-4450B0308334}.Debug|Any CPU.Deploy.0 = Debug|Any CPU
		{4D9A522C-5CFB-441C-9EA5-4450B0308334}.Debug|iPhone.ActiveCfg = Debug|Any CPU
		{4D9A522C-5CFB-441C-9EA5-4450B0308334}.Debug|iPhone.Build.0 = Debug|Any CPU
		{4D9A522C-5CFB-441C-9EA5-4450B0308334}.Debug|iPhone.Deploy.0 = Debug|Any CPU
		{4D9A522C-5CFB-441C-9EA5-4450B0308334}.Debug|iPhoneSimulator.ActiveCfg = Debug|Any CPU
		{4D9A522C-5CFB-441C-9EA5-4450B0308334}.Debug|iPhoneSimulator.Build.0 = Debug|Any CPU
		{4D9A522C-5CFB-441C-9EA5-4450B0308334}.Debug|iPhoneSimulator.Deploy.0 = Debug|Any CPU
		{4D9A522C-5CFB-441C-9EA5-4450B0308334}.Release|Any CPU.ActiveCfg = Release|Any CPU
		{4D9A522C-5CFB-441C-9EA5-4450B0308334}.Release|Any CPU.Build.0 = Release|Any CPU
		{4D9A522C-5CFB-441C-9EA5-4450B0308334}.Release|Any CPU.Deploy.0 = Release|Any CPU
		{4D9A522C-5CFB-441C-9EA5-4450B0308334}.Release|iPhone.ActiveCfg = Release|Any CPU
		{4D9A522C-5CFB-441C-9EA5-4450B0308334}.Release|iPhone.Build.0 = Release|Any CPU
		{4D9A522C-5CFB-441C-9EA5-4450B0308334}.Release|iPhone.Deploy.0 = Release|Any CPU
		{4D9A522C-5CFB-441C-9EA5-4450B0308334}.Release|iPhoneSimulator.ActiveCfg = Release|Any CPU
		{4D9A522C-5CFB-441C-9EA5-4450B0308334}.Release|iPhoneSimulator.Build.0 = Release|Any CPU
		{4D9A522C-5CFB-441C-9EA5-4450B0308334}.Release|iPhoneSimulator.Deploy.0 = Release|Any CPU
		{A4C9073C-4E08-43A9-A5F4-1202239FECBA}.Debug|Any CPU.ActiveCfg = Debug|iPhoneSimulator
		{A4C9073C-4E08-43A9-A5F4-1202239FECBA}.Debug|Any CPU.Build.0 = Debug|iPhoneSimulator
		{A4C9073C-4E08-43A9-A5F4-1202239FECBA}.Debug|Any CPU.Deploy.0 = Debug|iPhoneSimulator
		{A4C9073C-4E08-43A9-A5F4-1202239FECBA}.Debug|iPhone.ActiveCfg = Debug|iPhone
		{A4C9073C-4E08-43A9-A5F4-1202239FECBA}.Debug|iPhone.Build.0 = Debug|iPhone
		{A4C9073C-4E08-43A9-A5F4-1202239FECBA}.Debug|iPhone.Deploy.0 = Debug|iPhone
		{A4C9073C-4E08-43A9-A5F4-1202239FECBA}.Debug|iPhoneSimulator.ActiveCfg = Debug|iPhoneSimulator
		{A4C9073C-4E08-43A9-A5F4-1202239FECBA}.Debug|iPhoneSimulator.Build.0 = Debug|iPhoneSimulator
		{A4C9073C-4E08-43A9-A5F4-1202239FECBA}.Debug|iPhoneSimulator.Deploy.0 = Debug|iPhoneSimulator
		{A4C9073C-4E08-43A9-A5F4-1202239FECBA}.Release|Any CPU.ActiveCfg = Release|iPhone
		{A4C9073C-4E08-43A9-A5F4-1202239FECBA}.Release|Any CPU.Build.0 = Release|iPhone
		{A4C9073C-4E08-43A9-A5F4-1202239FECBA}.Release|Any CPU.Deploy.0 = Release|iPhone
		{A4C9073C-4E08-43A9-A5F4-1202239FECBA}.Release|iPhone.ActiveCfg = Release|iPhone
		{A4C9073C-4E08-43A9-A5F4-1202239FECBA}.Release|iPhone.Build.0 = Release|iPhone
		{A4C9073C-4E08-43A9-A5F4-1202239FECBA}.Release|iPhone.Deploy.0 = Release|iPhone
		{A4C9073C-4E08-43A9-A5F4-1202239FECBA}.Release|iPhoneSimulator.ActiveCfg = Release|iPhoneSimulator
		{A4C9073C-4E08-43A9-A5F4-1202239FECBA}.Release|iPhoneSimulator.Build.0 = Release|iPhoneSimulator
		{A4C9073C-4E08-43A9-A5F4-1202239FECBA}.Release|iPhoneSimulator.Deploy.0 = Release|iPhoneSimulator
		{356D851C-9EB1-46A4-8FB3-AA255C5397AB}.Debug|Any CPU.ActiveCfg = Debug|Any CPU
		{356D851C-9EB1-46A4-8FB3-AA255C5397AB}.Debug|Any CPU.Build.0 = Debug|Any CPU
		{356D851C-9EB1-46A4-8FB3-AA255C5397AB}.Debug|Any CPU.Deploy.0 = Debug|Any CPU
		{356D851C-9EB1-46A4-8FB3-AA255C5397AB}.Debug|iPhone.ActiveCfg = Debug|Any CPU
		{356D851C-9EB1-46A4-8FB3-AA255C5397AB}.Debug|iPhone.Build.0 = Debug|Any CPU
		{356D851C-9EB1-46A4-8FB3-AA255C5397AB}.Debug|iPhone.Deploy.0 = Debug|Any CPU
		{356D851C-9EB1-46A4-8FB3-AA255C5397AB}.Debug|iPhoneSimulator.ActiveCfg = Debug|Any CPU
		{356D851C-9EB1-46A4-8FB3-AA255C5397AB}.Debug|iPhoneSimulator.Build.0 = Debug|Any CPU
		{356D851C-9EB1-46A4-8FB3-AA255C5397AB}.Debug|iPhoneSimulator.Deploy.0 = Debug|Any CPU
		{356D851C-9EB1-46A4-8FB3-AA255C5397AB}.Release|Any CPU.ActiveCfg = Release|Any CPU
		{356D851C-9EB1-46A4-8FB3-AA255C5397AB}.Release|Any CPU.Build.0 = Release|Any CPU
		{356D851C-9EB1-46A4-8FB3-AA255C5397AB}.Release|Any CPU.Deploy.0 = Release|Any CPU
		{356D851C-9EB1-46A4-8FB3-AA255C5397AB}.Release|iPhone.ActiveCfg = Release|Any CPU
		{356D851C-9EB1-46A4-8FB3-AA255C5397AB}.Release|iPhone.Build.0 = Release|Any CPU
		{356D851C-9EB1-46A4-8FB3-AA255C5397AB}.Release|iPhone.Deploy.0 = Release|Any CPU
		{356D851C-9EB1-46A4-8FB3-AA255C5397AB}.Release|iPhoneSimulator.ActiveCfg = Release|Any CPU
		{356D851C-9EB1-46A4-8FB3-AA255C5397AB}.Release|iPhoneSimulator.Build.0 = Release|Any CPU
		{356D851C-9EB1-46A4-8FB3-AA255C5397AB}.Release|iPhoneSimulator.Deploy.0 = Release|Any CPU
	EndGlobalSection
	GlobalSection(SolutionProperties) = preSolution
		HideSolutionNode = FALSE
	EndGlobalSection
	GlobalSection(ExtensibilityGlobals) = postSolution
		SolutionGuid = {15E0574A-E95F-440E-9792-62994BCC7F8A}
	EndGlobalSection
EndGlobal
